
Microsoft Visual Studio Solution File, Format Version 12.00
# Visual Studio Version 17
VisualStudioVersion = 17.8.34316.72
MinimumVisualStudioVersion = 10.0.40219.1
Project("{9A19103F-16F7-4668-BE54-9A1E7A4F7556}") = "PortfolioBlogApi", "PortfolioBlogApi\PortfolioBlogApi.csproj", "{A8D37CB4-505C-4B85-86B5-993289D46132}"
EndProject
Project("{9A19103F-16F7-4668-BE54-9A1E7A4F7556}") = "Infrastructure", "Infrastructure\Infrastructure.csproj", "{B15CEE6C-5BEA-469B-9CB7-1E62FCB749A8}"
EndProject
Project("{FAE04EC0-301F-11D3-BF4B-00C04F79EFBC}") = "Service", "Service\Service.csproj", "{AC576FA4-E74D-461E-B055-0BFBE2A8A635}"
EndProject
Global
	GlobalSection(SolutionConfigurationPlatforms) = preSolution
		Debug|Any CPU = Debug|Any CPU
		Release|Any CPU = Release|Any CPU
	EndGlobalSection
	GlobalSection(ProjectConfigurationPlatforms) = postSolution
		{A8D37CB4-505C-4B85-86B5-993289D46132}.Debug|Any CPU.ActiveCfg = Debug|Any CPU
		{A8D37CB4-505C-4B85-86B5-993289D46132}.Debug|Any CPU.Build.0 = Debug|Any CPU
		{A8D37CB4-505C-4B85-86B5-993289D46132}.Release|Any CPU.ActiveCfg = Release|Any CPU
		{A8D37CB4-505C-4B85-86B5-993289D46132}.Release|Any CPU.Build.0 = Release|Any CPU
		{B15CEE6C-5BEA-469B-9CB7-1E62FCB749A8}.Debug|Any CPU.ActiveCfg = Debug|Any CPU
		{B15CEE6C-5BEA-469B-9CB7-1E62FCB749A8}.Debug|Any CPU.Build.0 = Debug|Any CPU
		{B15CEE6C-5BEA-469B-9CB7-1E62FCB749A8}.Release|Any CPU.ActiveCfg = Release|Any CPU
		{B15CEE6C-5BEA-469B-9CB7-1E62FCB749A8}.Release|Any CPU.Build.0 = Release|Any CPU
		{AC576FA4-E74D-461E-B055-0BFBE2A8A635}.Debug|Any CPU.ActiveCfg = Debug|Any CPU
		{AC576FA4-E74D-461E-B055-0BFBE2A8A635}.Debug|Any CPU.Build.0 = Debug|Any CPU
		{AC576FA4-E74D-461E-B055-0BFBE2A8A635}.Release|Any CPU.ActiveCfg = Release|Any CPU
		{AC576FA4-E74D-461E-B055-0BFBE2A8A635}.Release|Any CPU.Build.0 = Release|Any CPU
	EndGlobalSection
	GlobalSection(SolutionProperties) = preSolution
		HideSolutionNode = FALSE
	EndGlobalSection
	GlobalSection(ExtensibilityGlobals) = postSolution
		SolutionGuid = {A7550B7F-74F4-4138-B33B-4B35D85398B8}
	EndGlobalSection
EndGlobal
